// !$*UTF8*$!
{
	archiveVersion = 1;
	classes = {
	};
	objectVersion = 50;
	objects = {

/* Begin PBXBuildFile section */
		248EFBA9F1C40BCC08466DB4 /* Pods_MVP_MVPUITests.framework in Frameworks */ = {isa = PBXBuildFile; fileRef = FEB01FE4A48F2DC193F64AE5 /* Pods_MVP_MVPUITests.framework */; };
		28274E0DEC9E76D6D4E7C188 /* Pods_MVPTests.framework in Frameworks */ = {isa = PBXBuildFile; fileRef = 321D83F6A02412878A95AB64 /* Pods_MVPTests.framework */; };
		A09C53AB23464762000AC0CC /* AppDelegate.swift in Sources */ = {isa = PBXBuildFile; fileRef = A09C53AA23464762000AC0CC /* AppDelegate.swift */; };
		A09C53AD23464762000AC0CC /* SceneDelegate.swift in Sources */ = {isa = PBXBuildFile; fileRef = A09C53AC23464762000AC0CC /* SceneDelegate.swift */; };
		A09C53AF23464762000AC0CC /* ContentView.swift in Sources */ = {isa = PBXBuildFile; fileRef = A09C53AE23464762000AC0CC /* ContentView.swift */; };
		A09C53B123464763000AC0CC /* Assets.xcassets in Resources */ = {isa = PBXBuildFile; fileRef = A09C53B023464763000AC0CC /* Assets.xcassets */; };
		A09C53B423464763000AC0CC /* Preview Assets.xcassets in Resources */ = {isa = PBXBuildFile; fileRef = A09C53B323464763000AC0CC /* Preview Assets.xcassets */; };
		A09C53B723464763000AC0CC /* LaunchScreen.storyboard in Resources */ = {isa = PBXBuildFile; fileRef = A09C53B523464763000AC0CC /* LaunchScreen.storyboard */; };
		A09C53C223464763000AC0CC /* MVPTests.swift in Sources */ = {isa = PBXBuildFile; fileRef = A09C53C123464763000AC0CC /* MVPTests.swift */; };
		A09C53CD23464763000AC0CC /* MVPUITests.swift in Sources */ = {isa = PBXBuildFile; fileRef = A09C53CC23464763000AC0CC /* MVPUITests.swift */; };
		A0A5ADD023578D80004BA0B1 /* Environment.swift in Sources */ = {isa = PBXBuildFile; fileRef = A0A5ADCF23578D80004BA0B1 /* Environment.swift */; };
		A0A5ADD323579332004BA0B1 /* Production.xcconfig in Resources */ = {isa = PBXBuildFile; fileRef = A0A5ADD223579332004BA0B1 /* Production.xcconfig */; };
		A0A5ADD52357933A004BA0B1 /* Development.xcconfig in Resources */ = {isa = PBXBuildFile; fileRef = A0A5ADD423579339004BA0B1 /* Development.xcconfig */; };
		A0F357442347B4BD000B34E3 /* ApiWrapper.swift in Sources */ = {isa = PBXBuildFile; fileRef = A0F357432347B4BD000B34E3 /* ApiWrapper.swift */; };
		A0F357482347CB2C000B34E3 /* TestView.swift in Sources */ = {isa = PBXBuildFile; fileRef = A0F357472347CB2C000B34E3 /* TestView.swift */; };
		C9F790ECEA2227DE8EE81BDA /* Pods_MVP.framework in Frameworks */ = {isa = PBXBuildFile; fileRef = ED88D26370AE84DBDD0128D6 /* Pods_MVP.framework */; };
		FC3055E7234D088F00907AF5 /* ScoreRepo.swift in Sources */ = {isa = PBXBuildFile; fileRef = FC3055E6234D088F00907AF5 /* ScoreRepo.swift */; };
		FC3800082350DE0000F2940A /* ScoreListViewModel.swift in Sources */ = {isa = PBXBuildFile; fileRef = FC3800072350DE0000F2940A /* ScoreListViewModel.swift */; };
		FC38000A2350E02D00F2940A /* ScoreView.swift in Sources */ = {isa = PBXBuildFile; fileRef = FC3800092350E02D00F2940A /* ScoreView.swift */; };
		FC3E2CBF234BC96400D6A726 /* Score.swift in Sources */ = {isa = PBXBuildFile; fileRef = FC3E2CBE234BC96400D6A726 /* Score.swift */; };
		FCB29E7C234E2D3B004FCE32 /* DataService.swift in Sources */ = {isa = PBXBuildFile; fileRef = FCB29E7B234E2D3B004FCE32 /* DataService.swift */; };
		FCB29E7F234E3542004FCE32 /* GistView.swift in Sources */ = {isa = PBXBuildFile; fileRef = FCB29E7E234E3542004FCE32 /* GistView.swift */; };
		FCB29E81234E370C004FCE32 /* Gist.swift in Sources */ = {isa = PBXBuildFile; fileRef = FCB29E80234E370C004FCE32 /* Gist.swift */; };
		FCB29E84234E5C5B004FCE32 /* GistListViewModel.swift in Sources */ = {isa = PBXBuildFile; fileRef = FCB29E83234E5C5B004FCE32 /* GistListViewModel.swift */; };
/* End PBXBuildFile section */

/* Begin PBXContainerItemProxy section */
		A09C53BE23464763000AC0CC /* PBXContainerItemProxy */ = {
			isa = PBXContainerItemProxy;
			containerPortal = A09C539F23464762000AC0CC /* Project object */;
			proxyType = 1;
			remoteGlobalIDString = A09C53A623464762000AC0CC;
			remoteInfo = MVP;
		};
		A09C53C923464763000AC0CC /* PBXContainerItemProxy */ = {
			isa = PBXContainerItemProxy;
			containerPortal = A09C539F23464762000AC0CC /* Project object */;
			proxyType = 1;
			remoteGlobalIDString = A09C53A623464762000AC0CC;
			remoteInfo = MVP;
		};
/* End PBXContainerItemProxy section */

/* Begin PBXFileReference section */
		0E19B550ADDDDA6763610862 /* Pods-MVPTests.debug (development.xcconfig */ = {isa = PBXFileReference; includeInIndex = 1; lastKnownFileType = text.xcconfig; name = "Pods-MVPTests.debug (development.xcconfig"; path = "Target Support Files/Pods-MVPTests/Pods-MVPTests.debug (development.xcconfig"; sourceTree = "<group>"; };
		28E9E87D10EF3ABE5F53B085 /* Pods-MVP.debug.xcconfig */ = {isa = PBXFileReference; includeInIndex = 1; lastKnownFileType = text.xcconfig; name = "Pods-MVP.debug.xcconfig"; path = "Target Support Files/Pods-MVP/Pods-MVP.debug.xcconfig"; sourceTree = "<group>"; };
		321D83F6A02412878A95AB64 /* Pods_MVPTests.framework */ = {isa = PBXFileReference; explicitFileType = wrapper.framework; includeInIndex = 0; path = Pods_MVPTests.framework; sourceTree = BUILT_PRODUCTS_DIR; };
		494F226A3FC7BAA74DA706B5 /* Pods-MVPTests.release (production).xcconfig */ = {isa = PBXFileReference; includeInIndex = 1; lastKnownFileType = text.xcconfig; name = "Pods-MVPTests.release (production).xcconfig"; path = "Target Support Files/Pods-MVPTests/Pods-MVPTests.release (production).xcconfig"; sourceTree = "<group>"; };
		560BC6F32E6A75A962DE52C2 /* Pods-MVP.release (production).xcconfig */ = {isa = PBXFileReference; includeInIndex = 1; lastKnownFileType = text.xcconfig; name = "Pods-MVP.release (production).xcconfig"; path = "Target Support Files/Pods-MVP/Pods-MVP.release (production).xcconfig"; sourceTree = "<group>"; };
		5C9D171227422D49E161681F /* Pods-MVP.release.xcconfig */ = {isa = PBXFileReference; includeInIndex = 1; lastKnownFileType = text.xcconfig; name = "Pods-MVP.release.xcconfig"; path = "Target Support Files/Pods-MVP/Pods-MVP.release.xcconfig"; sourceTree = "<group>"; };
		6F4CC7450368EE09DFB676EB /* Pods-MVP-MVPUITests.release (production).xcconfig */ = {isa = PBXFileReference; includeInIndex = 1; lastKnownFileType = text.xcconfig; name = "Pods-MVP-MVPUITests.release (production).xcconfig"; path = "Target Support Files/Pods-MVP-MVPUITests/Pods-MVP-MVPUITests.release (production).xcconfig"; sourceTree = "<group>"; };
		731751BB62A2F346BC9552AA /* Pods-MVP-MVPUITests.debug.xcconfig */ = {isa = PBXFileReference; includeInIndex = 1; lastKnownFileType = text.xcconfig; name = "Pods-MVP-MVPUITests.debug.xcconfig"; path = "Target Support Files/Pods-MVP-MVPUITests/Pods-MVP-MVPUITests.debug.xcconfig"; sourceTree = "<group>"; };
		A09C53A723464762000AC0CC /* MVP.app */ = {isa = PBXFileReference; explicitFileType = wrapper.application; includeInIndex = 0; path = MVP.app; sourceTree = BUILT_PRODUCTS_DIR; };
		A09C53AA23464762000AC0CC /* AppDelegate.swift */ = {isa = PBXFileReference; lastKnownFileType = sourcecode.swift; path = AppDelegate.swift; sourceTree = "<group>"; };
		A09C53AC23464762000AC0CC /* SceneDelegate.swift */ = {isa = PBXFileReference; lastKnownFileType = sourcecode.swift; path = SceneDelegate.swift; sourceTree = "<group>"; };
		A09C53AE23464762000AC0CC /* ContentView.swift */ = {isa = PBXFileReference; lastKnownFileType = sourcecode.swift; path = ContentView.swift; sourceTree = "<group>"; };
		A09C53B023464763000AC0CC /* Assets.xcassets */ = {isa = PBXFileReference; lastKnownFileType = folder.assetcatalog; path = Assets.xcassets; sourceTree = "<group>"; };
		A09C53B323464763000AC0CC /* Preview Assets.xcassets */ = {isa = PBXFileReference; lastKnownFileType = folder.assetcatalog; path = "Preview Assets.xcassets"; sourceTree = "<group>"; };
		A09C53B623464763000AC0CC /* Base */ = {isa = PBXFileReference; lastKnownFileType = file.storyboard; name = Base; path = Base.lproj/LaunchScreen.storyboard; sourceTree = "<group>"; };
		A09C53B823464763000AC0CC /* Info.plist */ = {isa = PBXFileReference; lastKnownFileType = text.plist.xml; path = Info.plist; sourceTree = "<group>"; };
		A09C53BD23464763000AC0CC /* MVPTests.xctest */ = {isa = PBXFileReference; explicitFileType = wrapper.cfbundle; includeInIndex = 0; path = MVPTests.xctest; sourceTree = BUILT_PRODUCTS_DIR; };
		A09C53C123464763000AC0CC /* MVPTests.swift */ = {isa = PBXFileReference; lastKnownFileType = sourcecode.swift; path = MVPTests.swift; sourceTree = "<group>"; };
		A09C53C323464763000AC0CC /* Info.plist */ = {isa = PBXFileReference; lastKnownFileType = text.plist.xml; path = Info.plist; sourceTree = "<group>"; };
		A09C53C823464763000AC0CC /* MVPUITests.xctest */ = {isa = PBXFileReference; explicitFileType = wrapper.cfbundle; includeInIndex = 0; path = MVPUITests.xctest; sourceTree = BUILT_PRODUCTS_DIR; };
		A09C53CC23464763000AC0CC /* MVPUITests.swift */ = {isa = PBXFileReference; lastKnownFileType = sourcecode.swift; path = MVPUITests.swift; sourceTree = "<group>"; };
		A09C53CE23464763000AC0CC /* Info.plist */ = {isa = PBXFileReference; lastKnownFileType = text.plist.xml; path = Info.plist; sourceTree = "<group>"; };
		A0A5ADCF23578D80004BA0B1 /* Environment.swift */ = {isa = PBXFileReference; lastKnownFileType = sourcecode.swift; path = Environment.swift; sourceTree = "<group>"; };
		A0A5ADD223579332004BA0B1 /* Production.xcconfig */ = {isa = PBXFileReference; fileEncoding = 4; lastKnownFileType = text.xcconfig; path = Production.xcconfig; sourceTree = "<group>"; };
		A0A5ADD423579339004BA0B1 /* Development.xcconfig */ = {isa = PBXFileReference; fileEncoding = 4; lastKnownFileType = text.xcconfig; path = Development.xcconfig; sourceTree = "<group>"; };
		A0F357432347B4BD000B34E3 /* ApiWrapper.swift */ = {isa = PBXFileReference; lastKnownFileType = sourcecode.swift; path = ApiWrapper.swift; sourceTree = "<group>"; };
		A0F357472347CB2C000B34E3 /* TestView.swift */ = {isa = PBXFileReference; lastKnownFileType = sourcecode.swift; path = TestView.swift; sourceTree = "<group>"; };
		B9EB2E77A8E6AB80066F4219 /* Pods-MVP-MVPUITests.debug (development.xcconfig */ = {isa = PBXFileReference; includeInIndex = 1; lastKnownFileType = text.xcconfig; name = "Pods-MVP-MVPUITests.debug (development.xcconfig"; path = "Target Support Files/Pods-MVP-MVPUITests/Pods-MVP-MVPUITests.debug (development.xcconfig"; sourceTree = "<group>"; };
		DBCD58D8A41A20B19DE7FF45 /* Pods-MVPTests.release.xcconfig */ = {isa = PBXFileReference; includeInIndex = 1; lastKnownFileType = text.xcconfig; name = "Pods-MVPTests.release.xcconfig"; path = "Target Support Files/Pods-MVPTests/Pods-MVPTests.release.xcconfig"; sourceTree = "<group>"; };
		E6EEAD93E38EC21E9E0781C7 /* Pods-MVP-MVPUITests.release.xcconfig */ = {isa = PBXFileReference; includeInIndex = 1; lastKnownFileType = text.xcconfig; name = "Pods-MVP-MVPUITests.release.xcconfig"; path = "Target Support Files/Pods-MVP-MVPUITests/Pods-MVP-MVPUITests.release.xcconfig"; sourceTree = "<group>"; };
		E96267416627AB1DF7792373 /* Pods-MVPTests.debug.xcconfig */ = {isa = PBXFileReference; includeInIndex = 1; lastKnownFileType = text.xcconfig; name = "Pods-MVPTests.debug.xcconfig"; path = "Target Support Files/Pods-MVPTests/Pods-MVPTests.debug.xcconfig"; sourceTree = "<group>"; };
		E964E77FAF6CD3936874117D /* Pods-MVP.debug (development.xcconfig */ = {isa = PBXFileReference; includeInIndex = 1; lastKnownFileType = text.xcconfig; name = "Pods-MVP.debug (development.xcconfig"; path = "Target Support Files/Pods-MVP/Pods-MVP.debug (development.xcconfig"; sourceTree = "<group>"; };
		ED88D26370AE84DBDD0128D6 /* Pods_MVP.framework */ = {isa = PBXFileReference; explicitFileType = wrapper.framework; includeInIndex = 0; path = Pods_MVP.framework; sourceTree = BUILT_PRODUCTS_DIR; };
		FC3055E6234D088F00907AF5 /* ScoreRepo.swift */ = {isa = PBXFileReference; lastKnownFileType = sourcecode.swift; path = ScoreRepo.swift; sourceTree = "<group>"; };
		FC3800072350DE0000F2940A /* ScoreListViewModel.swift */ = {isa = PBXFileReference; lastKnownFileType = sourcecode.swift; path = ScoreListViewModel.swift; sourceTree = "<group>"; };
		FC3800092350E02D00F2940A /* ScoreView.swift */ = {isa = PBXFileReference; lastKnownFileType = sourcecode.swift; path = ScoreView.swift; sourceTree = "<group>"; };
		FC3E2CBE234BC96400D6A726 /* Score.swift */ = {isa = PBXFileReference; lastKnownFileType = sourcecode.swift; path = Score.swift; sourceTree = "<group>"; };
		FCB29E7B234E2D3B004FCE32 /* DataService.swift */ = {isa = PBXFileReference; lastKnownFileType = sourcecode.swift; path = DataService.swift; sourceTree = "<group>"; };
		FCB29E7E234E3542004FCE32 /* GistView.swift */ = {isa = PBXFileReference; lastKnownFileType = sourcecode.swift; path = GistView.swift; sourceTree = "<group>"; };
		FCB29E80234E370C004FCE32 /* Gist.swift */ = {isa = PBXFileReference; lastKnownFileType = sourcecode.swift; path = Gist.swift; sourceTree = "<group>"; };
		FCB29E83234E5C5B004FCE32 /* GistListViewModel.swift */ = {isa = PBXFileReference; lastKnownFileType = sourcecode.swift; path = GistListViewModel.swift; sourceTree = "<group>"; };
		FEB01FE4A48F2DC193F64AE5 /* Pods_MVP_MVPUITests.framework */ = {isa = PBXFileReference; explicitFileType = wrapper.framework; includeInIndex = 0; path = Pods_MVP_MVPUITests.framework; sourceTree = BUILT_PRODUCTS_DIR; };
/* End PBXFileReference section */

/* Begin PBXFrameworksBuildPhase section */
		A09C53A423464762000AC0CC /* Frameworks */ = {
			isa = PBXFrameworksBuildPhase;
			buildActionMask = 2147483647;
			files = (
				C9F790ECEA2227DE8EE81BDA /* Pods_MVP.framework in Frameworks */,
			);
			runOnlyForDeploymentPostprocessing = 0;
		};
		A09C53BA23464763000AC0CC /* Frameworks */ = {
			isa = PBXFrameworksBuildPhase;
			buildActionMask = 2147483647;
			files = (
				28274E0DEC9E76D6D4E7C188 /* Pods_MVPTests.framework in Frameworks */,
			);
			runOnlyForDeploymentPostprocessing = 0;
		};
		A09C53C523464763000AC0CC /* Frameworks */ = {
			isa = PBXFrameworksBuildPhase;
			buildActionMask = 2147483647;
			files = (
				248EFBA9F1C40BCC08466DB4 /* Pods_MVP_MVPUITests.framework in Frameworks */,
			);
			runOnlyForDeploymentPostprocessing = 0;
		};
/* End PBXFrameworksBuildPhase section */

/* Begin PBXGroup section */
		460AD5D9FC37D936FD2BF1EE /* Pods */ = {
			isa = PBXGroup;
			children = (
				28E9E87D10EF3ABE5F53B085 /* Pods-MVP.debug.xcconfig */,
				5C9D171227422D49E161681F /* Pods-MVP.release.xcconfig */,
				731751BB62A2F346BC9552AA /* Pods-MVP-MVPUITests.debug.xcconfig */,
				E6EEAD93E38EC21E9E0781C7 /* Pods-MVP-MVPUITests.release.xcconfig */,
				E96267416627AB1DF7792373 /* Pods-MVPTests.debug.xcconfig */,
				DBCD58D8A41A20B19DE7FF45 /* Pods-MVPTests.release.xcconfig */,
				E964E77FAF6CD3936874117D /* Pods-MVP.debug (development.xcconfig */,
				560BC6F32E6A75A962DE52C2 /* Pods-MVP.release (production).xcconfig */,
				B9EB2E77A8E6AB80066F4219 /* Pods-MVP-MVPUITests.debug (development.xcconfig */,
				6F4CC7450368EE09DFB676EB /* Pods-MVP-MVPUITests.release (production).xcconfig */,
				0E19B550ADDDDA6763610862 /* Pods-MVPTests.debug (development.xcconfig */,
				494F226A3FC7BAA74DA706B5 /* Pods-MVPTests.release (production).xcconfig */,
			);
			path = Pods;
			sourceTree = "<group>";
		};
		66E391641273276E2AE06FD1 /* Frameworks */ = {
			isa = PBXGroup;
			children = (
				ED88D26370AE84DBDD0128D6 /* Pods_MVP.framework */,
				FEB01FE4A48F2DC193F64AE5 /* Pods_MVP_MVPUITests.framework */,
				321D83F6A02412878A95AB64 /* Pods_MVPTests.framework */,
			);
			name = Frameworks;
			sourceTree = "<group>";
		};
		A0580B58235775BC00973F7C /* Configs */ = {
			isa = PBXGroup;
			children = (
				A0A5ADD423579339004BA0B1 /* Development.xcconfig */,
				A0A5ADD223579332004BA0B1 /* Production.xcconfig */,
				A0A5ADCF23578D80004BA0B1 /* Environment.swift */,
			);
			path = Configs;
			sourceTree = "<group>";
		};
		A09C539E23464762000AC0CC = {
			isa = PBXGroup;
			children = (
				A09C53A923464762000AC0CC /* MVP */,
				A09C53C023464763000AC0CC /* MVPTests */,
				A09C53CB23464763000AC0CC /* MVPUITests */,
				A09C53A823464762000AC0CC /* Products */,
				460AD5D9FC37D936FD2BF1EE /* Pods */,
				66E391641273276E2AE06FD1 /* Frameworks */,
			);
			sourceTree = "<group>";
		};
		A09C53A823464762000AC0CC /* Products */ = {
			isa = PBXGroup;
			children = (
				A09C53A723464762000AC0CC /* MVP.app */,
				A09C53BD23464763000AC0CC /* MVPTests.xctest */,
				A09C53C823464763000AC0CC /* MVPUITests.xctest */,
			);
			name = Products;
			sourceTree = "<group>";
		};
		A09C53A923464762000AC0CC /* MVP */ = {
			isa = PBXGroup;
			children = (
				A0A5ADD123578FD3004BA0B1 /* Common */,
				A0580B58235775BC00973F7C /* Configs */,
				FCB29E82234E5BFE004FCE32 /* ViewModels */,
				FCB29E7D234E351E004FCE32 /* Views */,
				FC3055E5234D086C00907AF5 /* Repos */,
				FC3E2CBD234BC45F00D6A726 /* Objects */,
				A09C53AA23464762000AC0CC /* AppDelegate.swift */,
				A09C53AC23464762000AC0CC /* SceneDelegate.swift */,
				A09C53B023464763000AC0CC /* Assets.xcassets */,
				A09C53B523464763000AC0CC /* LaunchScreen.storyboard */,
				A09C53B823464763000AC0CC /* Info.plist */,
				A09C53B223464763000AC0CC /* Preview Content */,
			);
			path = MVP;
			sourceTree = "<group>";
		};
		A09C53B223464763000AC0CC /* Preview Content */ = {
			isa = PBXGroup;
			children = (
				A09C53B323464763000AC0CC /* Preview Assets.xcassets */,
			);
			path = "Preview Content";
			sourceTree = "<group>";
		};
		A09C53C023464763000AC0CC /* MVPTests */ = {
			isa = PBXGroup;
			children = (
				A09C53C123464763000AC0CC /* MVPTests.swift */,
				A09C53C323464763000AC0CC /* Info.plist */,
			);
			path = MVPTests;
			sourceTree = "<group>";
		};
		A09C53CB23464763000AC0CC /* MVPUITests */ = {
			isa = PBXGroup;
			children = (
				A09C53CC23464763000AC0CC /* MVPUITests.swift */,
				A09C53CE23464763000AC0CC /* Info.plist */,
			);
			path = MVPUITests;
			sourceTree = "<group>";
		};
		A0A5ADD123578FD3004BA0B1 /* Common */ = {
			isa = PBXGroup;
			children = (
				A0F357432347B4BD000B34E3 /* ApiWrapper.swift */,
			);
			path = Common;
			sourceTree = "<group>";
		};
		FC3055E5234D086C00907AF5 /* Repos */ = {
			isa = PBXGroup;
			children = (
				FC3055E6234D088F00907AF5 /* ScoreRepo.swift */,
				FCB29E7B234E2D3B004FCE32 /* DataService.swift */,
			);
			path = Repos;
			sourceTree = "<group>";
		};
		FC3E2CBD234BC45F00D6A726 /* Objects */ = {
			isa = PBXGroup;
			children = (
				FC3E2CBE234BC96400D6A726 /* Score.swift */,
				FCB29E80234E370C004FCE32 /* Gist.swift */,
			);
			path = Objects;
			sourceTree = "<group>";
		};
		FCB29E7D234E351E004FCE32 /* Views */ = {
			isa = PBXGroup;
			children = (
				A09C53AE23464762000AC0CC /* ContentView.swift */,
				A0F357472347CB2C000B34E3 /* TestView.swift */,
				FCB29E7E234E3542004FCE32 /* GistView.swift */,
				FC3800092350E02D00F2940A /* ScoreView.swift */,
			);
			path = Views;
			sourceTree = "<group>";
		};
		FCB29E82234E5BFE004FCE32 /* ViewModels */ = {
			isa = PBXGroup;
			children = (
				FCB29E83234E5C5B004FCE32 /* GistListViewModel.swift */,
				FC3800072350DE0000F2940A /* ScoreListViewModel.swift */,
			);
			path = ViewModels;
			sourceTree = "<group>";
		};
/* End PBXGroup section */

/* Begin PBXNativeTarget section */
		A09C53A623464762000AC0CC /* MVP */ = {
			isa = PBXNativeTarget;
			buildConfigurationList = A09C53D123464763000AC0CC /* Build configuration list for PBXNativeTarget "MVP" */;
			buildPhases = (
				4ABD0175DDFDC3888B0F7137 /* [CP] Check Pods Manifest.lock */,
				A09C53A323464762000AC0CC /* Sources */,
				A09C53A423464762000AC0CC /* Frameworks */,
				A09C53A523464762000AC0CC /* Resources */,
			);
			buildRules = (
			);
			dependencies = (
			);
			name = MVP;
			productName = MVP;
			productReference = A09C53A723464762000AC0CC /* MVP.app */;
			productType = "com.apple.product-type.application";
		};
		A09C53BC23464763000AC0CC /* MVPTests */ = {
			isa = PBXNativeTarget;
			buildConfigurationList = A09C53D423464763000AC0CC /* Build configuration list for PBXNativeTarget "MVPTests" */;
			buildPhases = (
				9F0628F493CE2CEEF5E73EE9 /* [CP] Check Pods Manifest.lock */,
				A09C53B923464763000AC0CC /* Sources */,
				A09C53BA23464763000AC0CC /* Frameworks */,
				A09C53BB23464763000AC0CC /* Resources */,
			);
			buildRules = (
			);
			dependencies = (
				A09C53BF23464763000AC0CC /* PBXTargetDependency */,
			);
			name = MVPTests;
			productName = MVPTests;
			productReference = A09C53BD23464763000AC0CC /* MVPTests.xctest */;
			productType = "com.apple.product-type.bundle.unit-test";
		};
		A09C53C723464763000AC0CC /* MVPUITests */ = {
			isa = PBXNativeTarget;
			buildConfigurationList = A09C53D723464763000AC0CC /* Build configuration list for PBXNativeTarget "MVPUITests" */;
			buildPhases = (
				378504699166A84B49E1F1A6 /* [CP] Check Pods Manifest.lock */,
				A09C53C423464763000AC0CC /* Sources */,
				A09C53C523464763000AC0CC /* Frameworks */,
				A09C53C623464763000AC0CC /* Resources */,
			);
			buildRules = (
			);
			dependencies = (
				A09C53CA23464763000AC0CC /* PBXTargetDependency */,
			);
			name = MVPUITests;
			productName = MVPUITests;
			productReference = A09C53C823464763000AC0CC /* MVPUITests.xctest */;
			productType = "com.apple.product-type.bundle.ui-testing";
		};
/* End PBXNativeTarget section */

/* Begin PBXProject section */
		A09C539F23464762000AC0CC /* Project object */ = {
			isa = PBXProject;
			attributes = {
				LastSwiftUpdateCheck = 1100;
				LastUpgradeCheck = 1100;
				ORGANIZATIONNAME = Insight;
				TargetAttributes = {
					A09C53A623464762000AC0CC = {
						CreatedOnToolsVersion = 11.0;
					};
					A09C53BC23464763000AC0CC = {
						CreatedOnToolsVersion = 11.0;
						TestTargetID = A09C53A623464762000AC0CC;
					};
					A09C53C723464763000AC0CC = {
						CreatedOnToolsVersion = 11.0;
						TestTargetID = A09C53A623464762000AC0CC;
					};
				};
			};
			buildConfigurationList = A09C53A223464762000AC0CC /* Build configuration list for PBXProject "MVP" */;
			compatibilityVersion = "Xcode 9.3";
			developmentRegion = en;
			hasScannedForEncodings = 0;
			knownRegions = (
				en,
				Base,
			);
			mainGroup = A09C539E23464762000AC0CC;
			productRefGroup = A09C53A823464762000AC0CC /* Products */;
			projectDirPath = "";
			projectRoot = "";
			targets = (
				A09C53A623464762000AC0CC /* MVP */,
				A09C53BC23464763000AC0CC /* MVPTests */,
				A09C53C723464763000AC0CC /* MVPUITests */,
			);
		};
/* End PBXProject section */

/* Begin PBXResourcesBuildPhase section */
		A09C53A523464762000AC0CC /* Resources */ = {
			isa = PBXResourcesBuildPhase;
			buildActionMask = 2147483647;
			files = (
				A09C53B723464763000AC0CC /* LaunchScreen.storyboard in Resources */,
				A0A5ADD323579332004BA0B1 /* Production.xcconfig in Resources */,
				A09C53B423464763000AC0CC /* Preview Assets.xcassets in Resources */,
				A09C53B123464763000AC0CC /* Assets.xcassets in Resources */,
				A0A5ADD52357933A004BA0B1 /* Development.xcconfig in Resources */,
			);
			runOnlyForDeploymentPostprocessing = 0;
		};
		A09C53BB23464763000AC0CC /* Resources */ = {
			isa = PBXResourcesBuildPhase;
			buildActionMask = 2147483647;
			files = (
			);
			runOnlyForDeploymentPostprocessing = 0;
		};
		A09C53C623464763000AC0CC /* Resources */ = {
			isa = PBXResourcesBuildPhase;
			buildActionMask = 2147483647;
			files = (
			);
			runOnlyForDeploymentPostprocessing = 0;
		};
/* End PBXResourcesBuildPhase section */

/* Begin PBXShellScriptBuildPhase section */
		378504699166A84B49E1F1A6 /* [CP] Check Pods Manifest.lock */ = {
			isa = PBXShellScriptBuildPhase;
			buildActionMask = 2147483647;
			files = (
			);
			inputFileListPaths = (
			);
			inputPaths = (
				"${PODS_PODFILE_DIR_PATH}/Podfile.lock",
				"${PODS_ROOT}/Manifest.lock",
			);
			name = "[CP] Check Pods Manifest.lock";
			outputFileListPaths = (
			);
			outputPaths = (
				"$(DERIVED_FILE_DIR)/Pods-MVP-MVPUITests-checkManifestLockResult.txt",
			);
			runOnlyForDeploymentPostprocessing = 0;
			shellPath = /bin/sh;
			shellScript = "diff \"${PODS_PODFILE_DIR_PATH}/Podfile.lock\" \"${PODS_ROOT}/Manifest.lock\" > /dev/null\nif [ $? != 0 ] ; then\n    # print error to STDERR\n    echo \"error: The sandbox is not in sync with the Podfile.lock. Run 'pod install' or update your CocoaPods installation.\" >&2\n    exit 1\nfi\n# This output is used by Xcode 'outputs' to avoid re-running this script phase.\necho \"SUCCESS\" > \"${SCRIPT_OUTPUT_FILE_0}\"\n";
			showEnvVarsInLog = 0;
		};
		4ABD0175DDFDC3888B0F7137 /* [CP] Check Pods Manifest.lock */ = {
			isa = PBXShellScriptBuildPhase;
			buildActionMask = 2147483647;
			files = (
			);
			inputFileListPaths = (
			);
			inputPaths = (
				"${PODS_PODFILE_DIR_PATH}/Podfile.lock",
				"${PODS_ROOT}/Manifest.lock",
			);
			name = "[CP] Check Pods Manifest.lock";
			outputFileListPaths = (
			);
			outputPaths = (
				"$(DERIVED_FILE_DIR)/Pods-MVP-checkManifestLockResult.txt",
			);
			runOnlyForDeploymentPostprocessing = 0;
			shellPath = /bin/sh;
			shellScript = "diff \"${PODS_PODFILE_DIR_PATH}/Podfile.lock\" \"${PODS_ROOT}/Manifest.lock\" > /dev/null\nif [ $? != 0 ] ; then\n    # print error to STDERR\n    echo \"error: The sandbox is not in sync with the Podfile.lock. Run 'pod install' or update your CocoaPods installation.\" >&2\n    exit 1\nfi\n# This output is used by Xcode 'outputs' to avoid re-running this script phase.\necho \"SUCCESS\" > \"${SCRIPT_OUTPUT_FILE_0}\"\n";
			showEnvVarsInLog = 0;
		};
		9F0628F493CE2CEEF5E73EE9 /* [CP] Check Pods Manifest.lock */ = {
			isa = PBXShellScriptBuildPhase;
			buildActionMask = 2147483647;
			files = (
			);
			inputFileListPaths = (
			);
			inputPaths = (
				"${PODS_PODFILE_DIR_PATH}/Podfile.lock",
				"${PODS_ROOT}/Manifest.lock",
			);
			name = "[CP] Check Pods Manifest.lock";
			outputFileListPaths = (
			);
			outputPaths = (
				"$(DERIVED_FILE_DIR)/Pods-MVPTests-checkManifestLockResult.txt",
			);
			runOnlyForDeploymentPostprocessing = 0;
			shellPath = /bin/sh;
			shellScript = "diff \"${PODS_PODFILE_DIR_PATH}/Podfile.lock\" \"${PODS_ROOT}/Manifest.lock\" > /dev/null\nif [ $? != 0 ] ; then\n    # print error to STDERR\n    echo \"error: The sandbox is not in sync with the Podfile.lock. Run 'pod install' or update your CocoaPods installation.\" >&2\n    exit 1\nfi\n# This output is used by Xcode 'outputs' to avoid re-running this script phase.\necho \"SUCCESS\" > \"${SCRIPT_OUTPUT_FILE_0}\"\n";
			showEnvVarsInLog = 0;
		};
/* End PBXShellScriptBuildPhase section */

/* Begin PBXSourcesBuildPhase section */
		A09C53A323464762000AC0CC /* Sources */ = {
			isa = PBXSourcesBuildPhase;
			buildActionMask = 2147483647;
			files = (
				FCB29E7C234E2D3B004FCE32 /* DataService.swift in Sources */,
				FCB29E84234E5C5B004FCE32 /* GistListViewModel.swift in Sources */,
				A09C53AB23464762000AC0CC /* AppDelegate.swift in Sources */,
				FCB29E81234E370C004FCE32 /* Gist.swift in Sources */,
				A0A5ADD023578D80004BA0B1 /* Environment.swift in Sources */,
				A0F357482347CB2C000B34E3 /* TestView.swift in Sources */,
				A09C53AD23464762000AC0CC /* SceneDelegate.swift in Sources */,
				FC38000A2350E02D00F2940A /* ScoreView.swift in Sources */,
				FC3055E7234D088F00907AF5 /* ScoreRepo.swift in Sources */,
				A0F357442347B4BD000B34E3 /* ApiWrapper.swift in Sources */,
				FC3800082350DE0000F2940A /* ScoreListViewModel.swift in Sources */,
				FCB29E7F234E3542004FCE32 /* GistView.swift in Sources */,
				FC3E2CBF234BC96400D6A726 /* Score.swift in Sources */,
				A09C53AF23464762000AC0CC /* ContentView.swift in Sources */,
			);
			runOnlyForDeploymentPostprocessing = 0;
		};
		A09C53B923464763000AC0CC /* Sources */ = {
			isa = PBXSourcesBuildPhase;
			buildActionMask = 2147483647;
			files = (
				A09C53C223464763000AC0CC /* MVPTests.swift in Sources */,
			);
			runOnlyForDeploymentPostprocessing = 0;
		};
		A09C53C423464763000AC0CC /* Sources */ = {
			isa = PBXSourcesBuildPhase;
			buildActionMask = 2147483647;
			files = (
				A09C53CD23464763000AC0CC /* MVPUITests.swift in Sources */,
			);
			runOnlyForDeploymentPostprocessing = 0;
		};
/* End PBXSourcesBuildPhase section */

/* Begin PBXTargetDependency section */
		A09C53BF23464763000AC0CC /* PBXTargetDependency */ = {
			isa = PBXTargetDependency;
			target = A09C53A623464762000AC0CC /* MVP */;
			targetProxy = A09C53BE23464763000AC0CC /* PBXContainerItemProxy */;
		};
		A09C53CA23464763000AC0CC /* PBXTargetDependency */ = {
			isa = PBXTargetDependency;
			target = A09C53A623464762000AC0CC /* MVP */;
			targetProxy = A09C53C923464763000AC0CC /* PBXContainerItemProxy */;
		};
/* End PBXTargetDependency section */

/* Begin PBXVariantGroup section */
		A09C53B523464763000AC0CC /* LaunchScreen.storyboard */ = {
			isa = PBXVariantGroup;
			children = (
				A09C53B623464763000AC0CC /* Base */,
			);
			name = LaunchScreen.storyboard;
			sourceTree = "<group>";
		};
/* End PBXVariantGroup section */

/* Begin XCBuildConfiguration section */
		A0580B4C2357741F00973F7C /* Debug (Development */ = {
			isa = XCBuildConfiguration;
			baseConfigurationReference = A0A5ADD423579339004BA0B1 /* Development.xcconfig */;
			buildSettings = {
				ALWAYS_SEARCH_USER_PATHS = NO;
				CLANG_ANALYZER_NONNULL = YES;
				CLANG_ANALYZER_NUMBER_OBJECT_CONVERSION = YES_AGGRESSIVE;
				CLANG_CXX_LANGUAGE_STANDARD = "gnu++14";
				CLANG_CXX_LIBRARY = "libc++";
				CLANG_ENABLE_MODULES = YES;
				CLANG_ENABLE_OBJC_ARC = YES;
				CLANG_ENABLE_OBJC_WEAK = YES;
				CLANG_WARN_BLOCK_CAPTURE_AUTORELEASING = YES;
				CLANG_WARN_BOOL_CONVERSION = YES;
				CLANG_WARN_COMMA = YES;
				CLANG_WARN_CONSTANT_CONVERSION = YES;
				CLANG_WARN_DEPRECATED_OBJC_IMPLEMENTATIONS = YES;
				CLANG_WARN_DIRECT_OBJC_ISA_USAGE = YES_ERROR;
				CLANG_WARN_DOCUMENTATION_COMMENTS = YES;
				CLANG_WARN_EMPTY_BODY = YES;
				CLANG_WARN_ENUM_CONVERSION = YES;
				CLANG_WARN_INFINITE_RECURSION = YES;
				CLANG_WARN_INT_CONVERSION = YES;
				CLANG_WARN_NON_LITERAL_NULL_CONVERSION = YES;
				CLANG_WARN_OBJC_IMPLICIT_RETAIN_SELF = YES;
				CLANG_WARN_OBJC_LITERAL_CONVERSION = YES;
				CLANG_WARN_OBJC_ROOT_CLASS = YES_ERROR;
				CLANG_WARN_RANGE_LOOP_ANALYSIS = YES;
				CLANG_WARN_STRICT_PROTOTYPES = YES;
				CLANG_WARN_SUSPICIOUS_MOVE = YES;
				CLANG_WARN_UNGUARDED_AVAILABILITY = YES_AGGRESSIVE;
				CLANG_WARN_UNREACHABLE_CODE = YES;
				CLANG_WARN__DUPLICATE_METHOD_MATCH = YES;
				COPY_PHASE_STRIP = NO;
				DEBUG_INFORMATION_FORMAT = dwarf;
				ENABLE_STRICT_OBJC_MSGSEND = YES;
				ENABLE_TESTABILITY = YES;
				GCC_C_LANGUAGE_STANDARD = gnu11;
				GCC_DYNAMIC_NO_PIC = NO;
				GCC_NO_COMMON_BLOCKS = YES;
				GCC_OPTIMIZATION_LEVEL = 0;
				GCC_PREPROCESSOR_DEFINITIONS = (
					"DEBUG=1",
					"$(inherited)",
				);
				GCC_WARN_64_TO_32_BIT_CONVERSION = YES;
				GCC_WARN_ABOUT_RETURN_TYPE = YES_ERROR;
				GCC_WARN_UNDECLARED_SELECTOR = YES;
				GCC_WARN_UNINITIALIZED_AUTOS = YES_AGGRESSIVE;
				GCC_WARN_UNUSED_FUNCTION = YES;
				GCC_WARN_UNUSED_VARIABLE = YES;
				IPHONEOS_DEPLOYMENT_TARGET = 13.0;
				MTL_ENABLE_DEBUG_INFO = INCLUDE_SOURCE;
				MTL_FAST_MATH = YES;
				ONLY_ACTIVE_ARCH = YES;
				SDKROOT = iphoneos;
				SWIFT_ACTIVE_COMPILATION_CONDITIONS = DEBUG;
				SWIFT_OPTIMIZATION_LEVEL = "-Onone";
			};
			name = "Debug (Development";
		};
		A0580B4D2357741F00973F7C /* Debug (Development */ = {
			isa = XCBuildConfiguration;
			baseConfigurationReference = A0A5ADD423579339004BA0B1 /* Development.xcconfig */;
			buildSettings = {
				ASSETCATALOG_COMPILER_APPICON_NAME = AppIcon;
				CODE_SIGN_STYLE = Automatic;
				DEVELOPMENT_ASSET_PATHS = "\"MVP/Preview Content\"";
				DEVELOPMENT_TEAM = GAQ2528ADM;
				ENABLE_PREVIEWS = YES;
				INFOPLIST_FILE = MVP/Info.plist;
				LD_RUNPATH_SEARCH_PATHS = (
					"$(inherited)",
					"@executable_path/Frameworks",
				);
				PRODUCT_BUNDLE_IDENTIFIER = com.insight.MVP;
				PRODUCT_NAME = "$(TARGET_NAME)";
				SWIFT_VERSION = 5.0;
				TARGETED_DEVICE_FAMILY = "1,2";
			};
			name = "Debug (Development";
		};
		A0580B4E2357741F00973F7C /* Debug (Development */ = {
			isa = XCBuildConfiguration;
			baseConfigurationReference = 0E19B550ADDDDA6763610862 /* Pods-MVPTests.debug (development.xcconfig */;
			buildSettings = {
				ALWAYS_EMBED_SWIFT_STANDARD_LIBRARIES = YES;
				BUNDLE_LOADER = "$(TEST_HOST)";
				CODE_SIGN_STYLE = Automatic;
				DEVELOPMENT_TEAM = GAQ2528ADM;
				INFOPLIST_FILE = MVPTests/Info.plist;
				IPHONEOS_DEPLOYMENT_TARGET = 13.0;
				LD_RUNPATH_SEARCH_PATHS = (
					"$(inherited)",
					"@executable_path/Frameworks",
					"@loader_path/Frameworks",
				);
				PRODUCT_BUNDLE_IDENTIFIER = com.insight.MVPTests;
				PRODUCT_NAME = "$(TARGET_NAME)";
				SWIFT_VERSION = 5.0;
				TARGETED_DEVICE_FAMILY = "1,2";
				TEST_HOST = "$(BUILT_PRODUCTS_DIR)/MVP.app/MVP";
			};
			name = "Debug (Development";
		};
		A0580B4F2357741F00973F7C /* Debug (Development */ = {
			isa = XCBuildConfiguration;
			baseConfigurationReference = B9EB2E77A8E6AB80066F4219 /* Pods-MVP-MVPUITests.debug (development.xcconfig */;
			buildSettings = {
				ALWAYS_EMBED_SWIFT_STANDARD_LIBRARIES = YES;
				CODE_SIGN_STYLE = Automatic;
				DEVELOPMENT_TEAM = GAQ2528ADM;
				INFOPLIST_FILE = MVPUITests/Info.plist;
				LD_RUNPATH_SEARCH_PATHS = (
					"$(inherited)",
					"@executable_path/Frameworks",
					"@loader_path/Frameworks",
				);
				PRODUCT_BUNDLE_IDENTIFIER = com.insight.MVPUITests;
				PRODUCT_NAME = "$(TARGET_NAME)";
				SWIFT_VERSION = 5.0;
				TARGETED_DEVICE_FAMILY = "1,2";
				TEST_TARGET_NAME = MVP;
			};
			name = "Debug (Development";
		};
		A0580B542357745700973F7C /* Release (Production) */ = {
			isa = XCBuildConfiguration;
			baseConfigurationReference = A0A5ADD223579332004BA0B1 /* Production.xcconfig */;
			buildSettings = {
				ALWAYS_SEARCH_USER_PATHS = NO;
				CLANG_ANALYZER_NONNULL = YES;
				CLANG_ANALYZER_NUMBER_OBJECT_CONVERSION = YES_AGGRESSIVE;
				CLANG_CXX_LANGUAGE_STANDARD = "gnu++14";
				CLANG_CXX_LIBRARY = "libc++";
				CLANG_ENABLE_MODULES = YES;
				CLANG_ENABLE_OBJC_ARC = YES;
				CLANG_ENABLE_OBJC_WEAK = YES;
				CLANG_WARN_BLOCK_CAPTURE_AUTORELEASING = YES;
				CLANG_WARN_BOOL_CONVERSION = YES;
				CLANG_WARN_COMMA = YES;
				CLANG_WARN_CONSTANT_CONVERSION = YES;
				CLANG_WARN_DEPRECATED_OBJC_IMPLEMENTATIONS = YES;
				CLANG_WARN_DIRECT_OBJC_ISA_USAGE = YES_ERROR;
				CLANG_WARN_DOCUMENTATION_COMMENTS = YES;
				CLANG_WARN_EMPTY_BODY = YES;
				CLANG_WARN_ENUM_CONVERSION = YES;
				CLANG_WARN_INFINITE_RECURSION = YES;
				CLANG_WARN_INT_CONVERSION = YES;
				CLANG_WARN_NON_LITERAL_NULL_CONVERSION = YES;
				CLANG_WARN_OBJC_IMPLICIT_RETAIN_SELF = YES;
				CLANG_WARN_OBJC_LITERAL_CONVERSION = YES;
				CLANG_WARN_OBJC_ROOT_CLASS = YES_ERROR;
				CLANG_WARN_RANGE_LOOP_ANALYSIS = YES;
				CLANG_WARN_STRICT_PROTOTYPES = YES;
				CLANG_WARN_SUSPICIOUS_MOVE = YES;
				CLANG_WARN_UNGUARDED_AVAILABILITY = YES_AGGRESSIVE;
				CLANG_WARN_UNREACHABLE_CODE = YES;
				CLANG_WARN__DUPLICATE_METHOD_MATCH = YES;
				COPY_PHASE_STRIP = NO;
				DEBUG_INFORMATION_FORMAT = "dwarf-with-dsym";
				ENABLE_NS_ASSERTIONS = NO;
				ENABLE_STRICT_OBJC_MSGSEND = YES;
				GCC_C_LANGUAGE_STANDARD = gnu11;
				GCC_NO_COMMON_BLOCKS = YES;
				GCC_WARN_64_TO_32_BIT_CONVERSION = YES;
				GCC_WARN_ABOUT_RETURN_TYPE = YES_ERROR;
				GCC_WARN_UNDECLARED_SELECTOR = YES;
				GCC_WARN_UNINITIALIZED_AUTOS = YES_AGGRESSIVE;
				GCC_WARN_UNUSED_FUNCTION = YES;
				GCC_WARN_UNUSED_VARIABLE = YES;
				IPHONEOS_DEPLOYMENT_TARGET = 13.0;
				MTL_ENABLE_DEBUG_INFO = NO;
				MTL_FAST_MATH = YES;
				SDKROOT = iphoneos;
				SWIFT_COMPILATION_MODE = wholemodule;
				SWIFT_OPTIMIZATION_LEVEL = "-O";
				VALIDATE_PRODUCT = YES;
			};
			name = "Release (Production)";
		};
		A0580B552357745700973F7C /* Release (Production) */ = {
			isa = XCBuildConfiguration;
			baseConfigurationReference = A0A5ADD223579332004BA0B1 /* Production.xcconfig */;
			buildSettings = {
				ASSETCATALOG_COMPILER_APPICON_NAME = AppIcon;
				CODE_SIGN_STYLE = Automatic;
				DEVELOPMENT_ASSET_PATHS = "\"MVP/Preview Content\"";
				DEVELOPMENT_TEAM = GAQ2528ADM;
				ENABLE_PREVIEWS = YES;
				INFOPLIST_FILE = MVP/Info.plist;
				LD_RUNPATH_SEARCH_PATHS = (
					"$(inherited)",
					"@executable_path/Frameworks",
				);
				PRODUCT_BUNDLE_IDENTIFIER = com.insight.MVP;
				PRODUCT_NAME = "$(TARGET_NAME)";
				SWIFT_VERSION = 5.0;
				TARGETED_DEVICE_FAMILY = "1,2";
			};
			name = "Release (Production)";
		};
		A0580B562357745700973F7C /* Release (Production) */ = {
			isa = XCBuildConfiguration;
			baseConfigurationReference = 494F226A3FC7BAA74DA706B5 /* Pods-MVPTests.release (production).xcconfig */;
			buildSettings = {
				ALWAYS_EMBED_SWIFT_STANDARD_LIBRARIES = YES;
				BUNDLE_LOADER = "$(TEST_HOST)";
				CODE_SIGN_STYLE = Automatic;
				DEVELOPMENT_TEAM = GAQ2528ADM;
				INFOPLIST_FILE = MVPTests/Info.plist;
				IPHONEOS_DEPLOYMENT_TARGET = 13.0;
				LD_RUNPATH_SEARCH_PATHS = (
					"$(inherited)",
					"@executable_path/Frameworks",
					"@loader_path/Frameworks",
				);
				PRODUCT_BUNDLE_IDENTIFIER = com.insight.MVPTests;
				PRODUCT_NAME = "$(TARGET_NAME)";
				SWIFT_VERSION = 5.0;
				TARGETED_DEVICE_FAMILY = "1,2";
				TEST_HOST = "$(BUILT_PRODUCTS_DIR)/MVP.app/MVP";
			};
			name = "Release (Production)";
		};
		A0580B572357745700973F7C /* Release (Production) */ = {
			isa = XCBuildConfiguration;
			baseConfigurationReference = 6F4CC7450368EE09DFB676EB /* Pods-MVP-MVPUITests.release (production).xcconfig */;
			buildSettings = {
				ALWAYS_EMBED_SWIFT_STANDARD_LIBRARIES = YES;
				CODE_SIGN_STYLE = Automatic;
				DEVELOPMENT_TEAM = GAQ2528ADM;
				INFOPLIST_FILE = MVPUITests/Info.plist;
				LD_RUNPATH_SEARCH_PATHS = (
					"$(inherited)",
					"@executable_path/Frameworks",
					"@loader_path/Frameworks",
				);
				PRODUCT_BUNDLE_IDENTIFIER = com.insight.MVPUITests;
				PRODUCT_NAME = "$(TARGET_NAME)";
				SWIFT_VERSION = 5.0;
				TARGETED_DEVICE_FAMILY = "1,2";
				TEST_TARGET_NAME = MVP;
			};
			name = "Release (Production)";
		};
		A09C53CF23464763000AC0CC /* Debug */ = {
			isa = XCBuildConfiguration;
			buildSettings = {
				ALWAYS_SEARCH_USER_PATHS = NO;
				CLANG_ANALYZER_NONNULL = YES;
				CLANG_ANALYZER_NUMBER_OBJECT_CONVERSION = YES_AGGRESSIVE;
				CLANG_CXX_LANGUAGE_STANDARD = "gnu++14";
				CLANG_CXX_LIBRARY = "libc++";
				CLANG_ENABLE_MODULES = YES;
				CLANG_ENABLE_OBJC_ARC = YES;
				CLANG_ENABLE_OBJC_WEAK = YES;
				CLANG_WARN_BLOCK_CAPTURE_AUTORELEASING = YES;
				CLANG_WARN_BOOL_CONVERSION = YES;
				CLANG_WARN_COMMA = YES;
				CLANG_WARN_CONSTANT_CONVERSION = YES;
				CLANG_WARN_DEPRECATED_OBJC_IMPLEMENTATIONS = YES;
				CLANG_WARN_DIRECT_OBJC_ISA_USAGE = YES_ERROR;
				CLANG_WARN_DOCUMENTATION_COMMENTS = YES;
				CLANG_WARN_EMPTY_BODY = YES;
				CLANG_WARN_ENUM_CONVERSION = YES;
				CLANG_WARN_INFINITE_RECURSION = YES;
				CLANG_WARN_INT_CONVERSION = YES;
				CLANG_WARN_NON_LITERAL_NULL_CONVERSION = YES;
				CLANG_WARN_OBJC_IMPLICIT_RETAIN_SELF = YES;
				CLANG_WARN_OBJC_LITERAL_CONVERSION = YES;
				CLANG_WARN_OBJC_ROOT_CLASS = YES_ERROR;
				CLANG_WARN_RANGE_LOOP_ANALYSIS = YES;
				CLANG_WARN_STRICT_PROTOTYPES = YES;
				CLANG_WARN_SUSPICIOUS_MOVE = YES;
				CLANG_WARN_UNGUARDED_AVAILABILITY = YES_AGGRESSIVE;
				CLANG_WARN_UNREACHABLE_CODE = YES;
				CLANG_WARN__DUPLICATE_METHOD_MATCH = YES;
				COPY_PHASE_STRIP = NO;
				DEBUG_INFORMATION_FORMAT = dwarf;
				ENABLE_STRICT_OBJC_MSGSEND = YES;
				ENABLE_TESTABILITY = YES;
				GCC_C_LANGUAGE_STANDARD = gnu11;
				GCC_DYNAMIC_NO_PIC = NO;
				GCC_NO_COMMON_BLOCKS = YES;
				GCC_OPTIMIZATION_LEVEL = 0;
				GCC_PREPROCESSOR_DEFINITIONS = (
					"DEBUG=1",
					"$(inherited)",
				);
				GCC_WARN_64_TO_32_BIT_CONVERSION = YES;
				GCC_WARN_ABOUT_RETURN_TYPE = YES_ERROR;
				GCC_WARN_UNDECLARED_SELECTOR = YES;
				GCC_WARN_UNINITIALIZED_AUTOS = YES_AGGRESSIVE;
				GCC_WARN_UNUSED_FUNCTION = YES;
				GCC_WARN_UNUSED_VARIABLE = YES;
				IPHONEOS_DEPLOYMENT_TARGET = 13.0;
				MTL_ENABLE_DEBUG_INFO = INCLUDE_SOURCE;
				MTL_FAST_MATH = YES;
				ONLY_ACTIVE_ARCH = YES;
				SDKROOT = iphoneos;
				SWIFT_ACTIVE_COMPILATION_CONDITIONS = DEBUG;
				SWIFT_OPTIMIZATION_LEVEL = "-Onone";
			};
			name = Debug;
		};
		A09C53D023464763000AC0CC /* Release */ = {
			isa = XCBuildConfiguration;
			buildSettings = {
				ALWAYS_SEARCH_USER_PATHS = NO;
				CLANG_ANALYZER_NONNULL = YES;
				CLANG_ANALYZER_NUMBER_OBJECT_CONVERSION = YES_AGGRESSIVE;
				CLANG_CXX_LANGUAGE_STANDARD = "gnu++14";
				CLANG_CXX_LIBRARY = "libc++";
				CLANG_ENABLE_MODULES = YES;
				CLANG_ENABLE_OBJC_ARC = YES;
				CLANG_ENABLE_OBJC_WEAK = YES;
				CLANG_WARN_BLOCK_CAPTURE_AUTORELEASING = YES;
				CLANG_WARN_BOOL_CONVERSION = YES;
				CLANG_WARN_COMMA = YES;
				CLANG_WARN_CONSTANT_CONVERSION = YES;
				CLANG_WARN_DEPRECATED_OBJC_IMPLEMENTATIONS = YES;
				CLANG_WARN_DIRECT_OBJC_ISA_USAGE = YES_ERROR;
				CLANG_WARN_DOCUMENTATION_COMMENTS = YES;
				CLANG_WARN_EMPTY_BODY = YES;
				CLANG_WARN_ENUM_CONVERSION = YES;
				CLANG_WARN_INFINITE_RECURSION = YES;
				CLANG_WARN_INT_CONVERSION = YES;
				CLANG_WARN_NON_LITERAL_NULL_CONVERSION = YES;
				CLANG_WARN_OBJC_IMPLICIT_RETAIN_SELF = YES;
				CLANG_WARN_OBJC_LITERAL_CONVERSION = YES;
				CLANG_WARN_OBJC_ROOT_CLASS = YES_ERROR;
				CLANG_WARN_RANGE_LOOP_ANALYSIS = YES;
				CLANG_WARN_STRICT_PROTOTYPES = YES;
				CLANG_WARN_SUSPICIOUS_MOVE = YES;
				CLANG_WARN_UNGUARDED_AVAILABILITY = YES_AGGRESSIVE;
				CLANG_WARN_UNREACHABLE_CODE = YES;
				CLANG_WARN__DUPLICATE_METHOD_MATCH = YES;
				COPY_PHASE_STRIP = NO;
				DEBUG_INFORMATION_FORMAT = "dwarf-with-dsym";
				ENABLE_NS_ASSERTIONS = NO;
				ENABLE_STRICT_OBJC_MSGSEND = YES;
				GCC_C_LANGUAGE_STANDARD = gnu11;
				GCC_NO_COMMON_BLOCKS = YES;
				GCC_WARN_64_TO_32_BIT_CONVERSION = YES;
				GCC_WARN_ABOUT_RETURN_TYPE = YES_ERROR;
				GCC_WARN_UNDECLARED_SELECTOR = YES;
				GCC_WARN_UNINITIALIZED_AUTOS = YES_AGGRESSIVE;
				GCC_WARN_UNUSED_FUNCTION = YES;
				GCC_WARN_UNUSED_VARIABLE = YES;
				IPHONEOS_DEPLOYMENT_TARGET = 13.0;
				MTL_ENABLE_DEBUG_INFO = NO;
				MTL_FAST_MATH = YES;
				SDKROOT = iphoneos;
				SWIFT_COMPILATION_MODE = wholemodule;
				SWIFT_OPTIMIZATION_LEVEL = "-O";
				VALIDATE_PRODUCT = YES;
			};
			name = Release;
		};
		A09C53D223464763000AC0CC /* Debug */ = {
			isa = XCBuildConfiguration;
			baseConfigurationReference = 28E9E87D10EF3ABE5F53B085 /* Pods-MVP.debug.xcconfig */;
			buildSettings = {
				ASSETCATALOG_COMPILER_APPICON_NAME = AppIcon;
				CODE_SIGN_STYLE = Automatic;
				DEVELOPMENT_ASSET_PATHS = "\"MVP/Preview Content\"";
				DEVELOPMENT_TEAM = GAQ2528ADM;
				ENABLE_PREVIEWS = YES;
				INFOPLIST_FILE = MVP/Info.plist;
				LD_RUNPATH_SEARCH_PATHS = (
					"$(inherited)",
					"@executable_path/Frameworks",
				);
				PRODUCT_BUNDLE_IDENTIFIER = com.insight.MVP;
				PRODUCT_NAME = "$(TARGET_NAME)";
				SWIFT_VERSION = 5.0;
				TARGETED_DEVICE_FAMILY = "1,2";
			};
			name = Debug;
		};
		A09C53D323464763000AC0CC /* Release */ = {
			isa = XCBuildConfiguration;
			baseConfigurationReference = 5C9D171227422D49E161681F /* Pods-MVP.release.xcconfig */;
			buildSettings = {
				ASSETCATALOG_COMPILER_APPICON_NAME = AppIcon;
				CODE_SIGN_STYLE = Automatic;
				DEVELOPMENT_ASSET_PATHS = "\"MVP/Preview Content\"";
				DEVELOPMENT_TEAM = GAQ2528ADM;
				ENABLE_PREVIEWS = YES;
				INFOPLIST_FILE = MVP/Info.plist;
				LD_RUNPATH_SEARCH_PATHS = (
					"$(inherited)",
					"@executable_path/Frameworks",
				);
				PRODUCT_BUNDLE_IDENTIFIER = com.insight.MVP;
				PRODUCT_NAME = "$(TARGET_NAME)";
				SWIFT_VERSION = 5.0;
				TARGETED_DEVICE_FAMILY = "1,2";
			};
			name = Release;
		};
		A09C53D523464763000AC0CC /* Debug */ = {
			isa = XCBuildConfiguration;
			baseConfigurationReference = E96267416627AB1DF7792373 /* Pods-MVPTests.debug.xcconfig */;
			buildSettings = {
				ALWAYS_EMBED_SWIFT_STANDARD_LIBRARIES = YES;
				BUNDLE_LOADER = "$(TEST_HOST)";
				CODE_SIGN_STYLE = Automatic;
				DEVELOPMENT_TEAM = GAQ2528ADM;
				INFOPLIST_FILE = MVPTests/Info.plist;
				IPHONEOS_DEPLOYMENT_TARGET = 13.0;
				LD_RUNPATH_SEARCH_PATHS = (
					"$(inherited)",
					"@executable_path/Frameworks",
					"@loader_path/Frameworks",
				);
				PRODUCT_BUNDLE_IDENTIFIER = com.insight.MVPTests;
				PRODUCT_NAME = "$(TARGET_NAME)";
				SWIFT_VERSION = 5.0;
				TARGETED_DEVICE_FAMILY = "1,2";
				TEST_HOST = "$(BUILT_PRODUCTS_DIR)/MVP.app/MVP";
			};
			name = Debug;
		};
		A09C53D623464763000AC0CC /* Release */ = {
			isa = XCBuildConfiguration;
			baseConfigurationReference = DBCD58D8A41A20B19DE7FF45 /* Pods-MVPTests.release.xcconfig */;
			buildSettings = {
				ALWAYS_EMBED_SWIFT_STANDARD_LIBRARIES = YES;
				BUNDLE_LOADER = "$(TEST_HOST)";
				CODE_SIGN_STYLE = Automatic;
				DEVELOPMENT_TEAM = GAQ2528ADM;
				INFOPLIST_FILE = MVPTests/Info.plist;
				IPHONEOS_DEPLOYMENT_TARGET = 13.0;
				LD_RUNPATH_SEARCH_PATHS = (
					"$(inherited)",
					"@executable_path/Frameworks",
					"@loader_path/Frameworks",
				);
				PRODUCT_BUNDLE_IDENTIFIER = com.insight.MVPTests;
				PRODUCT_NAME = "$(TARGET_NAME)";
				SWIFT_VERSION = 5.0;
				TARGETED_DEVICE_FAMILY = "1,2";
				TEST_HOST = "$(BUILT_PRODUCTS_DIR)/MVP.app/MVP";
			};
			name = Release;
		};
		A09C53D823464763000AC0CC /* Debug */ = {
			isa = XCBuildConfiguration;
			baseConfigurationReference = 731751BB62A2F346BC9552AA /* Pods-MVP-MVPUITests.debug.xcconfig */;
			buildSettings = {
				ALWAYS_EMBED_SWIFT_STANDARD_LIBRARIES = YES;
				CODE_SIGN_STYLE = Automatic;
				DEVELOPMENT_TEAM = GAQ2528ADM;
				INFOPLIST_FILE = MVPUITests/Info.plist;
				LD_RUNPATH_SEARCH_PATHS = (
					"$(inherited)",
					"@executable_path/Frameworks",
					"@loader_path/Frameworks",
				);
				PRODUCT_BUNDLE_IDENTIFIER = com.insight.MVPUITests;
				PRODUCT_NAME = "$(TARGET_NAME)";
				SWIFT_VERSION = 5.0;
				TARGETED_DEVICE_FAMILY = "1,2";
				TEST_TARGET_NAME = MVP;
			};
			name = Debug;
		};
		A09C53D923464763000AC0CC /* Release */ = {
			isa = XCBuildConfiguration;
			baseConfigurationReference = E6EEAD93E38EC21E9E0781C7 /* Pods-MVP-MVPUITests.release.xcconfig */;
			buildSettings = {
				ALWAYS_EMBED_SWIFT_STANDARD_LIBRARIES = YES;
				CODE_SIGN_STYLE = Automatic;
				DEVELOPMENT_TEAM = GAQ2528ADM;
				INFOPLIST_FILE = MVPUITests/Info.plist;
				LD_RUNPATH_SEARCH_PATHS = (
					"$(inherited)",
					"@executable_path/Frameworks",
					"@loader_path/Frameworks",
				);
				PRODUCT_BUNDLE_IDENTIFIER = com.insight.MVPUITests;
				PRODUCT_NAME = "$(TARGET_NAME)";
				SWIFT_VERSION = 5.0;
				TARGETED_DEVICE_FAMILY = "1,2";
				TEST_TARGET_NAME = MVP;
			};
			name = Release;
		};
/* End XCBuildConfiguration section */

/* Begin XCConfigurationList section */
		A09C53A223464762000AC0CC /* Build configuration list for PBXProject "MVP" */ = {
			isa = XCConfigurationList;
			buildConfigurations = (
				A09C53CF23464763000AC0CC /* Debug */,
				A0580B4C2357741F00973F7C /* Debug (Development */,
				A09C53D023464763000AC0CC /* Release */,
				A0580B542357745700973F7C /* Release (Production) */,
			);
			defaultConfigurationIsVisible = 0;
			defaultConfigurationName = Release;
		};
		A09C53D123464763000AC0CC /* Build configuration list for PBXNativeTarget "MVP" */ = {
			isa = XCConfigurationList;
			buildConfigurations = (
				A09C53D223464763000AC0CC /* Debug */,
				A0580B4D2357741F00973F7C /* Debug (Development */,
				A09C53D323464763000AC0CC /* Release */,
				A0580B552357745700973F7C /* Release (Production) */,
			);
			defaultConfigurationIsVisible = 0;
			defaultConfigurationName = Release;
		};
		A09C53D423464763000AC0CC /* Build configuration list for PBXNativeTarget "MVPTests" */ = {
			isa = XCConfigurationList;
			buildConfigurations = (
				A09C53D523464763000AC0CC /* Debug */,
				A0580B4E2357741F00973F7C /* Debug (Development */,
				A09C53D623464763000AC0CC /* Release */,
				A0580B562357745700973F7C /* Release (Production) */,
			);
			defaultConfigurationIsVisible = 0;
			defaultConfigurationName = Release;
		};
		A09C53D723464763000AC0CC /* Build configuration list for PBXNativeTarget "MVPUITests" */ = {
			isa = XCConfigurationList;
			buildConfigurations = (
				A09C53D823464763000AC0CC /* Debug */,
				A0580B4F2357741F00973F7C /* Debug (Development */,
				A09C53D923464763000AC0CC /* Release */,
				A0580B572357745700973F7C /* Release (Production) */,
			);
			defaultConfigurationIsVisible = 0;
			defaultConfigurationName = Release;
		};
/* End XCConfigurationList section */
	};
	rootObject = A09C539F23464762000AC0CC /* Project object */;
}
